// !$*UTF8*$!
{
	archiveVersion = 1;
	classes = {
	};
	objectVersion = 47;
	objects = {

/* Begin PBXBuildFile section */
		820F7E671EA15FF500F21D14 /* DetailsTableViewCell.swift in Sources */ = {isa = PBXBuildFile; fileRef = 820F7E661EA15FF500F21D14 /* DetailsTableViewCell.swift */; };
		823176B41EA14BB50000725E /* Global.swift in Sources */ = {isa = PBXBuildFile; fileRef = 823176B31EA14BB50000725E /* Global.swift */; };
		AAFEADE20B5DB08574C3C810 /* Pods_JsonRequest.framework in Frameworks */ = {isa = PBXBuildFile; fileRef = DB7337F4F8AAB3A43E595C44 /* Pods_JsonRequest.framework */; };
		F1CA30B61BFD70A00033627B /* DetailViewController.swift in Sources */ = {isa = PBXBuildFile; fileRef = F1CA30B51BFD70A00033627B /* DetailViewController.swift */; };
		F1E9FB701BFC17DD0067EAB2 /* AppDelegate.swift in Sources */ = {isa = PBXBuildFile; fileRef = F1E9FB6F1BFC17DD0067EAB2 /* AppDelegate.swift */; };
		F1E9FB721BFC17DD0067EAB2 /* ViewController.swift in Sources */ = {isa = PBXBuildFile; fileRef = F1E9FB711BFC17DD0067EAB2 /* ViewController.swift */; };
		F1E9FB751BFC17DD0067EAB2 /* Main.storyboard in Resources */ = {isa = PBXBuildFile; fileRef = F1E9FB731BFC17DD0067EAB2 /* Main.storyboard */; };
		F1E9FB771BFC17DD0067EAB2 /* Assets.xcassets in Resources */ = {isa = PBXBuildFile; fileRef = F1E9FB761BFC17DD0067EAB2 /* Assets.xcassets */; };
		F1E9FB7A1BFC17DD0067EAB2 /* LaunchScreen.storyboard in Resources */ = {isa = PBXBuildFile; fileRef = F1E9FB781BFC17DD0067EAB2 /* LaunchScreen.storyboard */; };
		F1E9FB9E1BFC183D0067EAB2 /* Country.swift in Sources */ = {isa = PBXBuildFile; fileRef = F1E9FB9D1BFC183D0067EAB2 /* Country.swift */; };
/* End PBXBuildFile section */

/* Begin PBXFileReference section */
		820F7E661EA15FF500F21D14 /* DetailsTableViewCell.swift */ = {isa = PBXFileReference; fileEncoding = 4; lastKnownFileType = sourcecode.swift; path = DetailsTableViewCell.swift; sourceTree = "<group>"; };
		823176B31EA14BB50000725E /* Global.swift */ = {isa = PBXFileReference; fileEncoding = 4; lastKnownFileType = sourcecode.swift; path = Global.swift; sourceTree = "<group>"; };
		834E6088C26F55FC9E9001A0 /* Pods-JsonRequest.release.xcconfig */ = {isa = PBXFileReference; includeInIndex = 1; lastKnownFileType = text.xcconfig; name = "Pods-JsonRequest.release.xcconfig"; path = "Pods/Target Support Files/Pods-JsonRequest/Pods-JsonRequest.release.xcconfig"; sourceTree = "<group>"; };
		9D530DD14DD8EB5FC113B039 /* Pods-JsonRequest.debug.xcconfig */ = {isa = PBXFileReference; includeInIndex = 1; lastKnownFileType = text.xcconfig; name = "Pods-JsonRequest.debug.xcconfig"; path = "Pods/Target Support Files/Pods-JsonRequest/Pods-JsonRequest.debug.xcconfig"; sourceTree = "<group>"; };
		DB7337F4F8AAB3A43E595C44 /* Pods_JsonRequest.framework */ = {isa = PBXFileReference; explicitFileType = wrapper.framework; includeInIndex = 0; path = Pods_JsonRequest.framework; sourceTree = BUILT_PRODUCTS_DIR; };
		F1CA30B51BFD70A00033627B /* DetailViewController.swift */ = {isa = PBXFileReference; fileEncoding = 4; lastKnownFileType = sourcecode.swift; path = DetailViewController.swift; sourceTree = "<group>"; };
		F1E9FB6C1BFC17DD0067EAB2 /* JsonRequest.app */ = {isa = PBXFileReference; explicitFileType = wrapper.application; includeInIndex = 0; path = JsonRequest.app; sourceTree = BUILT_PRODUCTS_DIR; };
		F1E9FB6F1BFC17DD0067EAB2 /* AppDelegate.swift */ = {isa = PBXFileReference; lastKnownFileType = sourcecode.swift; path = AppDelegate.swift; sourceTree = "<group>"; };
		F1E9FB711BFC17DD0067EAB2 /* ViewController.swift */ = {isa = PBXFileReference; lastKnownFileType = sourcecode.swift; path = ViewController.swift; sourceTree = "<group>"; };
		F1E9FB741BFC17DD0067EAB2 /* Base */ = {isa = PBXFileReference; lastKnownFileType = file.storyboard; name = Base; path = Base.lproj/Main.storyboard; sourceTree = "<group>"; };
		F1E9FB761BFC17DD0067EAB2 /* Assets.xcassets */ = {isa = PBXFileReference; lastKnownFileType = folder.assetcatalog; path = Assets.xcassets; sourceTree = "<group>"; };
		F1E9FB791BFC17DD0067EAB2 /* Base */ = {isa = PBXFileReference; lastKnownFileType = file.storyboard; name = Base; path = Base.lproj/LaunchScreen.storyboard; sourceTree = "<group>"; };
		F1E9FB7B1BFC17DD0067EAB2 /* Info.plist */ = {isa = PBXFileReference; lastKnownFileType = text.plist.xml; path = Info.plist; sourceTree = "<group>"; };
		F1E9FB9D1BFC183D0067EAB2 /* Country.swift */ = {isa = PBXFileReference; fileEncoding = 4; lastKnownFileType = sourcecode.swift; path = Country.swift; sourceTree = "<group>"; };
/* End PBXFileReference section */

/* Begin PBXFrameworksBuildPhase section */
		F1E9FB691BFC17DD0067EAB2 /* Frameworks */ = {
			isa = PBXFrameworksBuildPhase;
			buildActionMask = 2147483647;
			files = (
				AAFEADE20B5DB08574C3C810 /* Pods_JsonRequest.framework in Frameworks */,
			);
			runOnlyForDeploymentPostprocessing = 0;
		};
/* End PBXFrameworksBuildPhase section */

/* Begin PBXGroup section */
		820F7E681EA160A000F21D14 /* View */ = {
			isa = PBXGroup;
			children = (
				820F7E661EA15FF500F21D14 /* DetailsTableViewCell.swift */,
			);
			name = View;
			sourceTree = "<group>";
		};
		823176B21EA120B90000725E /* UI */ = {
			isa = PBXGroup;
			children = (
				F1E9FB731BFC17DD0067EAB2 /* Main.storyboard */,
				F1E9FB781BFC17DD0067EAB2 /* LaunchScreen.storyboard */,
			);
			name = UI;
			sourceTree = "<group>";
		};
		D909D742D179E8EAB4817EF3 /* Frameworks */ = {
			isa = PBXGroup;
			children = (
				DB7337F4F8AAB3A43E595C44 /* Pods_JsonRequest.framework */,
			);
			name = Frameworks;
			sourceTree = "<group>";
		};
		EF50B0EA4B3368B7B79ADF7B /* Pods */ = {
			isa = PBXGroup;
			children = (
				9D530DD14DD8EB5FC113B039 /* Pods-JsonRequest.debug.xcconfig */,
				834E6088C26F55FC9E9001A0 /* Pods-JsonRequest.release.xcconfig */,
			);
			name = Pods;
			sourceTree = "<group>";
		};
		F1E9FB631BFC17DD0067EAB2 = {
			isa = PBXGroup;
			children = (
				F1E9FB6E1BFC17DD0067EAB2 /* JsonRequest */,
				F1E9FB6D1BFC17DD0067EAB2 /* Products */,
				EF50B0EA4B3368B7B79ADF7B /* Pods */,
				D909D742D179E8EAB4817EF3 /* Frameworks */,
			);
			sourceTree = "<group>";
		};
		F1E9FB6D1BFC17DD0067EAB2 /* Products */ = {
			isa = PBXGroup;
			children = (
				F1E9FB6C1BFC17DD0067EAB2 /* JsonRequest.app */,
			);
			name = Products;
			sourceTree = "<group>";
		};
		F1E9FB6E1BFC17DD0067EAB2 /* JsonRequest */ = {
			isa = PBXGroup;
			children = (
				823176B21EA120B90000725E /* UI */,
				F1E9FBA01BFC222C0067EAB2 /* Model */,
				820F7E681EA160A000F21D14 /* View */,
				F1E9FBA11BFC227C0067EAB2 /* Controller */,
				F1E9FB9F1BFC1D890067EAB2 /* Support */,
			);
			path = JsonRequest;
			sourceTree = "<group>";
		};
		F1E9FB9F1BFC1D890067EAB2 /* Support */ = {
			isa = PBXGroup;
			children = (
				F1E9FB6F1BFC17DD0067EAB2 /* AppDelegate.swift */,
				823176B31EA14BB50000725E /* Global.swift */,
				F1E9FB7B1BFC17DD0067EAB2 /* Info.plist */,
				F1E9FB761BFC17DD0067EAB2 /* Assets.xcassets */,
			);
			name = Support;
			sourceTree = "<group>";
		};
		F1E9FBA01BFC222C0067EAB2 /* Model */ = {
			isa = PBXGroup;
			children = (
				F1E9FB9D1BFC183D0067EAB2 /* Country.swift */,
			);
			name = Model;
			sourceTree = "<group>";
		};
		F1E9FBA11BFC227C0067EAB2 /* Controller */ = {
			isa = PBXGroup;
			children = (
				F1E9FB711BFC17DD0067EAB2 /* ViewController.swift */,
				F1CA30B51BFD70A00033627B /* DetailViewController.swift */,
			);
			name = Controller;
			sourceTree = "<group>";
		};
/* End PBXGroup section */

/* Begin PBXNativeTarget section */
		F1E9FB6B1BFC17DD0067EAB2 /* JsonRequest */ = {
			isa = PBXNativeTarget;
			buildConfigurationList = F1E9FB941BFC17DD0067EAB2 /* Build configuration list for PBXNativeTarget "JsonRequest" */;
			buildPhases = (
				260422951C27D852117AD350 /* [CP] Check Pods Manifest.lock */,
				F1E9FB681BFC17DD0067EAB2 /* Sources */,
				F1E9FB691BFC17DD0067EAB2 /* Frameworks */,
				F1E9FB6A1BFC17DD0067EAB2 /* Resources */,
				6D2F97E2E322A2EB6C772083 /* [CP] Embed Pods Frameworks */,
				5B67566DA2C4CBCB51796C87 /* [CP] Copy Pods Resources */,
			);
			buildRules = (
			);
			dependencies = (
			);
			name = JsonRequest;
			productName = JsonRequest;
			productReference = F1E9FB6C1BFC17DD0067EAB2 /* JsonRequest.app */;
			productType = "com.apple.product-type.application";
		};
/* End PBXNativeTarget section */

/* Begin PBXProject section */
		F1E9FB641BFC17DD0067EAB2 /* Project object */ = {
			isa = PBXProject;
			attributes = {
				LastSwiftUpdateCheck = 0710;
				LastUpgradeCheck = 0830;
				ORGANIZATIONNAME = limadeveloper;
				TargetAttributes = {
					F1E9FB6B1BFC17DD0067EAB2 = {
						CreatedOnToolsVersion = 7.1.1;
						LastSwiftMigration = 0830;
					};
				};
			};
			buildConfigurationList = F1E9FB671BFC17DD0067EAB2 /* Build configuration list for PBXProject "JsonRequest" */;
			compatibilityVersion = "Xcode 6.3";
			developmentRegion = English;
			hasScannedForEncodings = 0;
			knownRegions = (
				en,
				Base,
			);
			mainGroup = F1E9FB631BFC17DD0067EAB2;
			productRefGroup = F1E9FB6D1BFC17DD0067EAB2 /* Products */;
			projectDirPath = "";
			projectRoot = "";
			targets = (
				F1E9FB6B1BFC17DD0067EAB2 /* JsonRequest */,
			);
		};
/* End PBXProject section */

/* Begin PBXResourcesBuildPhase section */
		F1E9FB6A1BFC17DD0067EAB2 /* Resources */ = {
			isa = PBXResourcesBuildPhase;
			buildActionMask = 2147483647;
			files = (
				F1E9FB7A1BFC17DD0067EAB2 /* LaunchScreen.storyboard in Resources */,
				F1E9FB771BFC17DD0067EAB2 /* Assets.xcassets in Resources */,
				F1E9FB751BFC17DD0067EAB2 /* Main.storyboard in Resources */,
			);
			runOnlyForDeploymentPostprocessing = 0;
		};
/* End PBXResourcesBuildPhase section */

/* Begin PBXShellScriptBuildPhase section */
		260422951C27D852117AD350 /* [CP] Check Pods Manifest.lock */ = {
			isa = PBXShellScriptBuildPhase;
			buildActionMask = 2147483647;
			files = (
			);
			inputPaths = (
			);
			name = "[CP] Check Pods Manifest.lock";
			outputPaths = (
			);
			runOnlyForDeploymentPostprocessing = 0;
			shellPath = /bin/sh;
			shellScript = "diff \"${PODS_PODFILE_DIR_PATH}/Podfile.lock\" \"${PODS_ROOT}/Manifest.lock\" > /dev/null\nif [ $? != 0 ] ; then\n    # print error to STDERR\n    echo \"error: The sandbox is not in sync with the Podfile.lock. Run 'pod install' or update your CocoaPods installation.\" >&2\n    exit 1\nfi\n";
			showEnvVarsInLog = 0;
		};
		5B67566DA2C4CBCB51796C87 /* [CP] Copy Pods Resources */ = {
			isa = PBXShellScriptBuildPhase;
			buildActionMask = 2147483647;
			files = (
			);
			inputPaths = (
			);
			name = "[CP] Copy Pods Resources";
			outputPaths = (
			);
			runOnlyForDeploymentPostprocessing = 0;
			shellPath = /bin/sh;
			shellScript = "\"${SRCROOT}/Pods/Target Support Files/Pods-JsonRequest/Pods-JsonRequest-resources.sh\"\n";
			showEnvVarsInLog = 0;
		};
		6D2F97E2E322A2EB6C772083 /* [CP] Embed Pods Frameworks */ = {
			isa = PBXShellScriptBuildPhase;
			buildActionMask = 2147483647;
			files = (
			);
			inputPaths = (
			);
			name = "[CP] Embed Pods Frameworks";
			outputPaths = (
			);
			runOnlyForDeploymentPostprocessing = 0;
			shellPath = /bin/sh;
			shellScript = "\"${SRCROOT}/Pods/Target Support Files/Pods-JsonRequest/Pods-JsonRequest-frameworks.sh\"\n";
			showEnvVarsInLog = 0;
		};
/* End PBXShellScriptBuildPhase section */

/* Begin PBXSourcesBuildPhase section */
		F1E9FB681BFC17DD0067EAB2 /* Sources */ = {
			isa = PBXSourcesBuildPhase;
			buildActionMask = 2147483647;
			files = (
				820F7E671EA15FF500F21D14 /* DetailsTableViewCell.swift in Sources */,
				F1E9FB9E1BFC183D0067EAB2 /* Country.swift in Sources */,
				F1E9FB721BFC17DD0067EAB2 /* ViewController.swift in Sources */,
				F1E9FB701BFC17DD0067EAB2 /* AppDelegate.swift in Sources */,
				823176B41EA14BB50000725E /* Global.swift in Sources */,
				F1CA30B61BFD70A00033627B /* DetailViewController.swift in Sources */,
			);
			runOnlyForDeploymentPostprocessing = 0;
		};
/* End PBXSourcesBuildPhase section */

/* Begin PBXVariantGroup section */
		F1E9FB731BFC17DD0067EAB2 /* Main.storyboard */ = {
			isa = PBXVariantGroup;
			children = (
				F1E9FB741BFC17DD0067EAB2 /* Base */,
			);
			name = Main.storyboard;
			sourceTree = "<group>";
		};
		F1E9FB781BFC17DD0067EAB2 /* LaunchScreen.storyboard */ = {
			isa = PBXVariantGroup;
			children = (
				F1E9FB791BFC17DD0067EAB2 /* Base */,
			);
			name = LaunchScreen.storyboard;
			sourceTree = "<group>";
		};
/* End PBXVariantGroup section */

/* Begin XCBuildConfiguration section */
		F1E9FB921BFC17DD0067EAB2 /* Debug */ = {
			isa = XCBuildConfiguration;
			buildSettings = {
				ALWAYS_SEARCH_USER_PATHS = NO;
				CLANG_CXX_LANGUAGE_STANDARD = "gnu++0x";
				CLANG_CXX_LIBRARY = "libc++";
				CLANG_ENABLE_MODULES = YES;
				CLANG_ENABLE_OBJC_ARC = YES;
				CLANG_WARN_BOOL_CONVERSION = YES;
				CLANG_WARN_CONSTANT_CONVERSION = YES;
				CLANG_WARN_DIRECT_OBJC_ISA_USAGE = YES_ERROR;
				CLANG_WARN_EMPTY_BODY = YES;
				CLANG_WARN_ENUM_CONVERSION = YES;
				CLANG_WARN_INFINITE_RECURSION = YES;
				CLANG_WARN_INT_CONVERSION = YES;
				CLANG_WARN_OBJC_ROOT_CLASS = YES_ERROR;
				CLANG_WARN_SUSPICIOUS_MOVE = YES;
				CLANG_WARN_UNREACHABLE_CODE = YES;
				CLANG_WARN__DUPLICATE_METHOD_MATCH = YES;
				"CODE_SIGN_IDENTITY[sdk=iphoneos*]" = "iPhone Developer";
				COPY_PHASE_STRIP = NO;
				DEBUG_INFORMATION_FORMAT = dwarf;
				ENABLE_STRICT_OBJC_MSGSEND = YES;
				ENABLE_TESTABILITY = YES;
				GCC_C_LANGUAGE_STANDARD = gnu99;
				GCC_DYNAMIC_NO_PIC = NO;
				GCC_NO_COMMON_BLOCKS = YES;
				GCC_OPTIMIZATION_LEVEL = 0;
				GCC_PREPROCESSOR_DEFINITIONS = (
					"DEBUG=1",
					"$(inherited)",
				);
				GCC_WARN_64_TO_32_BIT_CONVERSION = YES;
				GCC_WARN_ABOUT_RETURN_TYPE = YES_ERROR;
				GCC_WARN_UNDECLARED_SELECTOR = YES;
				GCC_WARN_UNINITIALIZED_AUTOS = YES_AGGRESSIVE;
				GCC_WARN_UNUSED_FUNCTION = YES;
				GCC_WARN_UNUSED_VARIABLE = YES;
				IPHONEOS_DEPLOYMENT_TARGET = 9.0;
				MTL_ENABLE_DEBUG_INFO = YES;
				ONLY_ACTIVE_ARCH = YES;
				SDKROOT = iphoneos;
				SWIFT_OPTIMIZATION_LEVEL = "-Onone";
				TARGETED_DEVICE_FAMILY = "1,2";
			};
			name = Debug;
		};
		F1E9FB931BFC17DD0067EAB2 /* Release */ = {
			isa = XCBuildConfiguration;
			buildSettings = {
				ALWAYS_SEARCH_USER_PATHS = NO;
				CLANG_CXX_LANGUAGE_STANDARD = "gnu++0x";
				CLANG_CXX_LIBRARY = "libc++";
				CLANG_ENABLE_MODULES = YES;
				CLANG_ENABLE_OBJC_ARC = YES;
				CLANG_WARN_BOOL_CONVERSION = YES;
				CLANG_WARN_CONSTANT_CONVERSION = YES;
				CLANG_WARN_DIRECT_OBJC_ISA_USAGE = YES_ERROR;
				CLANG_WARN_EMPTY_BODY = YES;
				CLANG_WARN_ENUM_CONVERSION = YES;
				CLANG_WARN_INFINITE_RECURSION = YES;
				CLANG_WARN_INT_CONVERSION = YES;
				CLANG_WARN_OBJC_ROOT_CLASS = YES_ERROR;
				CLANG_WARN_SUSPICIOUS_MOVE = YES;
				CLANG_WARN_UNREACHABLE_CODE = YES;
				CLANG_WARN__DUPLICATE_METHOD_MATCH = YES;
				"CODE_SIGN_IDENTITY[sdk=iphoneos*]" = "iPhone Developer";
				COPY_PHASE_STRIP = NO;
				DEBUG_INFORMATION_FORMAT = "dwarf-with-dsym";
				ENABLE_NS_ASSERTIONS = NO;
				ENABLE_STRICT_OBJC_MSGSEND = YES;
				GCC_C_LANGUAGE_STANDARD = gnu99;
				GCC_NO_COMMON_BLOCKS = YES;
				GCC_WARN_64_TO_32_BIT_CONVERSION = YES;
				GCC_WARN_ABOUT_RETURN_TYPE = YES_ERROR;
				GCC_WARN_UNDECLARED_SELECTOR = YES;
				GCC_WARN_UNINITIALIZED_AUTOS = YES_AGGRESSIVE;
				GCC_WARN_UNUSED_FUNCTION = YES;
				GCC_WARN_UNUSED_VARIABLE = YES;
				IPHONEOS_DEPLOYMENT_TARGET = 9.0;
				MTL_ENABLE_DEBUG_INFO = NO;
				SDKROOT = iphoneos;
				SWIFT_OPTIMIZATION_LEVEL = "-Owholemodule";
				TARGETED_DEVICE_FAMILY = "1,2";
				VALIDATE_PRODUCT = YES;
			};
			name = Release;
		};
		F1E9FB951BFC17DD0067EAB2 /* Debug */ = {
			isa = XCBuildConfiguration;
			baseConfigurationReference = 9D530DD14DD8EB5FC113B039 /* Pods-JsonRequest.debug.xcconfig */;
			buildSettings = {
				ASSETCATALOG_COMPILER_APPICON_NAME = AppIcon;
				DEVELOPMENT_TEAM = "";
				INFOPLIST_FILE = JsonRequest/Info.plist;
				LD_RUNPATH_SEARCH_PATHS = "$(inherited) @executable_path/Frameworks";
				PRODUCT_BUNDLE_IDENTIFIER = com.limadeveloper.tests.ios.jsonrequest;
				PRODUCT_NAME = "$(TARGET_NAME)";
				SWIFT_VERSION = 3.0;
			};
			name = Debug;
		};
		F1E9FB961BFC17DD0067EAB2 /* Release */ = {
			isa = XCBuildConfiguration;
			baseConfigurationReference = 834E6088C26F55FC9E9001A0 /* Pods-JsonRequest.release.xcconfig */;
			buildSettings = {
				ASSETCATALOG_COMPILER_APPICON_NAME = AppIcon;
				DEVELOPMENT_TEAM = "";
				INFOPLIST_FILE = JsonRequest/Info.plist;
				LD_RUNPATH_SEARCH_PATHS = "$(inherited) @executable_path/Frameworks";
				PRODUCT_BUNDLE_IDENTIFIER = com.limadeveloper.tests.ios.jsonrequest;
				PRODUCT_NAME = "$(TARGET_NAME)";
				SWIFT_VERSION = 3.0;
			};
			name = Release;
		};
/* End XCBuildConfiguration section */

/* Begin XCConfigurationList section */
		F1E9FB671BFC17DD0067EAB2 /* Build configuration list for PBXProject "JsonRequest" */ = {
			isa = XCConfigurationList;
			buildConfigurations = (
				F1E9FB921BFC17DD0067EAB2 /* Debug */,
				F1E9FB931BFC17DD0067EAB2 /* Release */,
			);
			defaultConfigurationIsVisible = 0;
			defaultConfigurationName = Release;
		};
		F1E9FB941BFC17DD0067EAB2 /* Build configuration list for PBXNativeTarget "JsonRequest" */ = {
			isa = XCConfigurationList;
			buildConfigurations = (
				F1E9FB951BFC17DD0067EAB2 /* Debug */,
				F1E9FB961BFC17DD0067EAB2 /* Release */,
			);
			defaultConfigurationIsVisible = 0;
			defaultConfigurationName = Release;
		};
/* End XCConfigurationList section */
	};
	rootObject = F1E9FB641BFC17DD0067EAB2 /* Project object */;
}
